PODS:
  - AppAuth (1.2.0):
    - AppAuth/Core (= 1.2.0)
    - AppAuth/ExternalUserAgent (= 1.2.0)
  - AppAuth/Core (1.2.0)
  - AppAuth/ExternalUserAgent (1.2.0)
  - ENSwiftSideMenu (0.1.4)
  - GoogleSignIn (5.0.1):
    - AppAuth (~> 1.2)
    - GTMAppAuth (~> 1.0)
    - GTMSessionFetcher/Core (~> 1.1)
  - GTMAppAuth (1.0.0):
    - AppAuth/Core (~> 1.0)
    - GTMSessionFetcher (~> 1.1)
  - GTMSessionFetcher (1.2.2):
    - GTMSessionFetcher/Full (= 1.2.2)
  - GTMSessionFetcher/Core (1.2.2)
  - GTMSessionFetcher/Full (1.2.2):
    - GTMSessionFetcher/Core (= 1.2.2)
  - IDZSwiftCommonCrypto (0.13.0)
  - mailcore2-ios (0.6.4)
  - MBProgressHUD (1.1.0)
  - PINCache (3.0.1-beta.6):
    - PINCache/Arc-exception-safe (= 3.0.1-beta.6)
    - PINCache/Core (= 3.0.1-beta.6)
  - PINCache/Arc-exception-safe (3.0.1-beta.6):
    - PINCache/Core
  - PINCache/Core (3.0.1-beta.6):
    - PINOperation (~> 1.1.0)
  - PINOperation (1.1.2)
  - PINRemoteImage/Core (3.0.0-beta.13):
    - PINOperation
  - PINRemoteImage/iOS (3.0.0-beta.13):
    - PINRemoteImage/Core
  - PINRemoteImage/PINCache (3.0.0-beta.13):
    - PINCache (= 3.0.1-beta.6)
    - PINRemoteImage/Core
  - PromisesObjC (1.2.8)
  - PromisesSwift (1.2.8):
    - PromisesObjC (= 1.2.8)
  - Realm (3.19.0):
    - Realm/Headers (= 3.19.0)
  - Realm/Headers (3.19.0)
  - RealmSwift (3.19.0):
    - Realm (= 3.19.0)
  - RxBlocking (5.0.0):
    - RxSwift (~> 5)
  - RxCocoa (5.0.0):
    - RxRelay (~> 5)
    - RxSwift (~> 5)
  - RxRelay (5.0.0):
    - RxSwift (~> 5)
  - RxSwift (5.0.0)
  - RxTest (5.0.0):
    - RxSwift (~> 5)
  - SwiftLint (0.35.0)
  - SwiftyRSA (1.5.0):
    - SwiftyRSA/ObjC (= 1.5.0)
  - SwiftyRSA/ObjC (1.5.0)
  - Texture (2.8.1):
    - Texture/AssetsLibrary (= 2.8.1)
    - Texture/Core (= 2.8.1)
    - Texture/MapKit (= 2.8.1)
    - Texture/Photos (= 2.8.1)
    - Texture/PINRemoteImage (= 2.8.1)
    - Texture/Video (= 2.8.1)
  - Texture/AssetsLibrary (2.8.1):
    - Texture/Core
  - Texture/Core (2.8.1)
  - Texture/MapKit (2.8.1):
    - Texture/Core
  - Texture/Photos (2.8.1):
    - Texture/Core
  - Texture/PINRemoteImage (2.8.1):
    - PINRemoteImage/iOS (= 3.0.0-beta.13)
    - PINRemoteImage/PINCache
    - Texture/Core
  - Texture/Video (2.8.1):
    - Texture/Core
  - Toast (4.0.0)

DEPENDENCIES:
  - ENSwiftSideMenu (~> 0.1.4)
  - GoogleSignIn
  - IDZSwiftCommonCrypto
  - mailcore2-ios
  - MBProgressHUD
  - PromisesSwift
  - RealmSwift
  - RxBlocking (~> 5)
  - RxCocoa (~> 5)
  - RxSwift (~> 5)
  - RxTest (~> 5)
  - SwiftLint
  - SwiftyRSA
  - Texture
  - Toast (~> 4.0.0)

SPEC REPOS:
  https://github.com/CocoaPods/Specs.git:
    - AppAuth
    - ENSwiftSideMenu
    - GoogleSignIn
    - GTMAppAuth
    - GTMSessionFetcher
    - IDZSwiftCommonCrypto
    - mailcore2-ios
    - MBProgressHUD
    - PINCache
    - PINOperation
    - PINRemoteImage
    - PromisesObjC
    - PromisesSwift
    - Realm
    - RealmSwift
    - RxBlocking
    - RxCocoa
    - RxRelay
    - RxSwift
    - RxTest
    - SwiftLint
    - SwiftyRSA
    - Texture
    - Toast

SPEC CHECKSUMS:
  AppAuth: bce82c76043657c99d91e7882e8a9e1a93650cd4
  ENSwiftSideMenu: 21e755dae28f09bbf453aa83b3d05f2e5f92ca39
  GoogleSignIn: 3a51b9bb8e48b635fd7f4272cee06ca260345b86
  GTMAppAuth: 4deac854479704f348309e7b66189e604cf5e01e
  GTMSessionFetcher: 61bb0f61a4cb560030f1222021178008a5727a23
  IDZSwiftCommonCrypto: 00dd37cdfbd149312a7e5a582cf9909f8b129f44
  mailcore2-ios: 3ff0be2fa553d4da9c11d39c11d51863c768f24f
  MBProgressHUD: e7baa36a220447d8aeb12769bf0585582f3866d9
  PINCache: d195fdba255283f7e9900a55e3cced377f431f9b
  PINOperation: 24b774353ca248fcf87d67b2d61eef42087c125a
  PINRemoteImage: d6d51c5d2adda55f1ce30c96e850b6c4ebd2856a
  PromisesObjC: c119f3cd559f50b7ae681fa59dc1acd19173b7e6
  PromisesSwift: 37bad6f4daddb02f7c9c531efe91e8b21c13ee2f
  Realm: 995d585bcf699aaff226715886c849a29dd3d07f
  RealmSwift: 35f284a537989f2187b413e5917091948cb87a3f
  RxBlocking: c67185d26498ea3cbe3e121917c3c16739e43123
  RxCocoa: fcf32050ac00d801f34a7f71d5e8e7f23026dcd8
  RxRelay: 4f7409406a51a55cd88483f21ed898c234d60f18
  RxSwift: 8b0671caa829a763bbce7271095859121cbd895f
  RxTest: 4349afe98f564e0a9bc19063368904622d17d49a
  SwiftLint: 5553187048b900c91aa03552807681bb6b027846
  SwiftyRSA: 6e528fb1b1a87d5111c48081083b141d6d65f1cf
  Texture: 8ecf6984065a1e54f06bf97b349ecca28582acd7
  Toast: 91b396c56ee72a5790816f40d3a94dd357abc196

PODFILE CHECKSUM: e19747931fa7b81f8648d6e9abd7c1c63b475d91

COCOAPODS: 1.8.4
