PODS:
  - ENSwiftSideMenu (0.1.4)
  - PINCache (3.0.3):
    - PINCache/Arc-exception-safe (= 3.0.3)
    - PINCache/Core (= 3.0.3)
  - PINCache/Arc-exception-safe (3.0.3):
    - PINCache/Core
  - PINCache/Core (3.0.3):
    - PINOperation (~> 1.2.1)
  - PINOperation (1.2.1)
  - PINRemoteImage/Core (3.0.3):
    - PINOperation
  - PINRemoteImage/iOS (3.0.3):
    - PINRemoteImage/Core
  - PINRemoteImage/PINCache (3.0.3):
    - PINCache (~> 3.0.3)
    - PINRemoteImage/Core
  - SwiftFormat/CLI (0.48.16)
  - SwiftLint (0.44.0)
  - SwiftyRSA (1.7.0):
    - SwiftyRSA/ObjC (= 1.7.0)
  - SwiftyRSA/ObjC (1.7.0)
  - Texture (3.1.0):
    - Texture/AssetsLibrary (= 3.1.0)
    - Texture/Core (= 3.1.0)
    - Texture/MapKit (= 3.1.0)
    - Texture/Photos (= 3.1.0)
    - Texture/PINRemoteImage (= 3.1.0)
    - Texture/Video (= 3.1.0)
  - Texture/AssetsLibrary (3.1.0):
    - Texture/Core
  - Texture/Core (3.1.0)
  - Texture/MapKit (3.1.0):
    - Texture/Core
  - Texture/Photos (3.1.0):
    - Texture/Core
  - Texture/PINRemoteImage (3.1.0):
    - PINRemoteImage/iOS (~> 3.0.0)
    - PINRemoteImage/PINCache
    - Texture/Core
  - Texture/Video (3.1.0):
    - Texture/Core
  - Toast (4.0.0)

DEPENDENCIES:
  - ENSwiftSideMenu (~> 0.1.4)
  - SwiftFormat/CLI
  - SwiftLint
  - SwiftyRSA
  - Texture
  - Toast (~> 4.0.0)

SPEC REPOS:
  trunk:
    - ENSwiftSideMenu
    - PINCache
    - PINOperation
    - PINRemoteImage
    - SwiftFormat
    - SwiftLint
    - SwiftyRSA
    - Texture
    - Toast

SPEC CHECKSUMS:
  ENSwiftSideMenu: 21e755dae28f09bbf453aa83b3d05f2e5f92ca39
  PINCache: 7a8fc1a691173d21dbddbf86cd515de6efa55086
  PINOperation: 00c935935f1e8cf0d1e2d6b542e75b88fc3e5e20
  PINRemoteImage: f1295b29f8c5e640e25335a1b2bd9d805171bd01
  SwiftFormat: b8a60419c4a8680f67faa80e2da710fd9dc85ca5
  SwiftLint: e96c0a8c770c7ebbc4d36c55baf9096bb65c4584
  SwiftyRSA: 8c6dd1ea7db1b8dc4fb517a202f88bb1354bc2c6
  Texture: 2e8ab2519452515f7f5a520f5a8f7e0a413abfa3
  Toast: 91b396c56ee72a5790816f40d3a94dd357abc196

PODFILE CHECKSUM: bc7c556828b57b2779df98b734c8d0a4448e861d

COCOAPODS: 1.11.2
