{
  "object": {
    "pins": [
      {
        "package": "SwiftFormat",
        "repositoryURL": "https://github.com/nicklockwood/SwiftFormat",
        "state": {
          "branch": null,
          "revision": "24c47e30af04c7fd15aa09d9407d6d5cc88dc36a",
          "version": "0.49.17"
        }
      }
    ]
  },
  "version": 1
}
