{
  "object": {
    "pins": [
      {
        "package": "SwiftFormat",
        "repositoryURL": "https://github.com/nicklockwood/SwiftFormat",
        "state": {
          "branch": null,
          "revision": "c7ddb09c3381cff833106345721fc314dba49e20",
          "version": "0.49.18"
        }
      }
    ]
  },
  "version": 1
}
