{
  "object": {
    "pins": [
      {
        "package": "SwiftFormat",
        "repositoryURL": "https://github.com/nicklockwood/SwiftFormat",
        "state": {
          "branch": null,
          "revision": "ad8c2d78158901e77a80e6dee940f7c369e5af13",
          "version": "0.49.15"
        }
      }
    ]
  },
  "version": 1
}
