// !$*UTF8*$!
{
	archiveVersion = 1;
	classes = {
	};
	objectVersion = 51;
	objects = {

/* Begin PBXBuildFile section */
		04B472721ECE29B200B8266F /* ENSideMenu.swift in Sources */ = {isa = PBXBuildFile; fileRef = 04B472561ECE29B200B8266F /* ENSideMenu.swift */; };
		04B472731ECE29B200B8266F /* ENSideMenuNavigationController.swift in Sources */ = {isa = PBXBuildFile; fileRef = 04B472571ECE29B200B8266F /* ENSideMenuNavigationController.swift */; };
		04B4728D1ECE29D200B8266F /* KeyInfo.swift in Sources */ = {isa = PBXBuildFile; fileRef = 04B4728B1ECE29D200B8266F /* KeyInfo.swift */; };
		04B472951ECE29F600B8266F /* MyMenuTableViewController.swift in Sources */ = {isa = PBXBuildFile; fileRef = 04B472921ECE29F600B8266F /* MyMenuTableViewController.swift */; };
		04B472961ECE29F600B8266F /* MyNavigationController.swift in Sources */ = {isa = PBXBuildFile; fileRef = 04B472931ECE29F600B8266F /* MyNavigationController.swift */; };
		32DCA009F3149806AA1103B1 /* Core.swift in Sources */ = {isa = PBXBuildFile; fileRef = 32DCA0C3D34A69851A238E87 /* Core.swift */; };
		32DCA04CA0DAB79C39514782 /* CoreTypes.swift in Sources */ = {isa = PBXBuildFile; fileRef = 32DCAC732B988D9704658812 /* CoreTypes.swift */; };
		32DCA1339D6857686ABD3FC4 /* UIVIewExtension.swift in Sources */ = {isa = PBXBuildFile; fileRef = 32DCA63656CB3323C26BC084 /* UIVIewExtension.swift */; };
		32DCA1414EEA727B86C337D5 /* Core.swift in Sources */ = {isa = PBXBuildFile; fileRef = 32DCA0C3D34A69851A238E87 /* Core.swift */; };
		32DCA1B95DDC04D671F662F8 /* URLSessionExtension.swift in Sources */ = {isa = PBXBuildFile; fileRef = 32DCA7E0AFE19FACB0F233ED /* URLSessionExtension.swift */; };
		32DCA1FE33A44B4B18F1404B /* Errors.swift in Sources */ = {isa = PBXBuildFile; fileRef = 32DCAA865E9EC19756776544 /* Errors.swift */; };
		32DCA25E425D2A207CF2B764 /* StringExtensions.swift in Sources */ = {isa = PBXBuildFile; fileRef = 32DCA0E63F2F0473D0A8EDB0 /* StringExtensions.swift */; };
		32DCA2BB910FA1B19BA8B328 /* Imap.swift in Sources */ = {isa = PBXBuildFile; fileRef = 32DCA377D22F4D67A8FA05EB /* Imap.swift */; };
		32DCA4DE5ED89E8BC8E9887E /* CoreHost.swift in Sources */ = {isa = PBXBuildFile; fileRef = 32DCACB22E895C2500A99350 /* CoreHost.swift */; };
		32DCA4F8E74975F0393FA29C /* SecPaddingExtension.swift in Sources */ = {isa = PBXBuildFile; fileRef = 32DCA22065E606F68EC53221 /* SecPaddingExtension.swift */; };
		32DCA5577770FF2394018FA9 /* AttesterApi.swift in Sources */ = {isa = PBXBuildFile; fileRef = 32DCA9F692BEE170EBBA4EE7 /* AttesterApi.swift */; };
		32DCA557DA4EF81A74CEF951 /* TestData.swift in Sources */ = {isa = PBXBuildFile; fileRef = A3DAD60722E4588800F2C4CD /* TestData.swift */; };
		32DCA583D0C09131947705C8 /* PromiseExtension.swift in Sources */ = {isa = PBXBuildFile; fileRef = 32DCA4A964004CBABCA2F01C /* PromiseExtension.swift */; };
		32DCA594BD65DE3AF94569F3 /* ComposeViewController.swift in Sources */ = {isa = PBXBuildFile; fileRef = 32DCAAE9F459F48178CAF8F5 /* ComposeViewController.swift */; };
		32DCA62579786A8090EAFEE3 /* flowcrypt-ios-prod.js.txt in Sources */ = {isa = PBXBuildFile; fileRef = 32DCACD323127CD4FEA462FC /* flowcrypt-ios-prod.js.txt */; };
		32DCA64A309E3C34D8C9039E /* DispatchTimeExtension.swift in Sources */ = {isa = PBXBuildFile; fileRef = 32DCABF1508B0C08DEDE2059 /* DispatchTimeExtension.swift */; };
		32DCA6A3C9D59DD16B136772 /* flowcrypt-ios-prod.js.txt in Resources */ = {isa = PBXBuildFile; fileRef = 32DCACD323127CD4FEA462FC /* flowcrypt-ios-prod.js.txt */; };
		32DCA89EEE54530F9A2C50F9 /* CodableExntension.swift in Sources */ = {isa = PBXBuildFile; fileRef = 32DCA38E87F2B7196E0E1F1F /* CodableExntension.swift */; };
		32DCA9C61ABB3234649B374E /* CoreHost.swift in Sources */ = {isa = PBXBuildFile; fileRef = 32DCACB22E895C2500A99350 /* CoreHost.swift */; };
		32DCAA4C8C5612784F63F996 /* BaseViewController.swift in Sources */ = {isa = PBXBuildFile; fileRef = 32DCA4762A2B08BFF81AB38F /* BaseViewController.swift */; };
		32DCAAD97FDEB229EA327DB5 /* SecPaddingExtension.swift in Sources */ = {isa = PBXBuildFile; fileRef = 32DCA22065E606F68EC53221 /* SecPaddingExtension.swift */; };
		32DCACB1AA1A298DFD8B2E22 /* DataExtension.swift in Sources */ = {isa = PBXBuildFile; fileRef = 32DCAEFF16F5D91A35791730 /* DataExtension.swift */; };
		32DCACFD1193878BEB48C24D /* PromiseExtension.swift in Sources */ = {isa = PBXBuildFile; fileRef = 32DCA4A964004CBABCA2F01C /* PromiseExtension.swift */; };
		32DCAD5D7468B985C24F6E76 /* GoogleApi.swift in Sources */ = {isa = PBXBuildFile; fileRef = 32DCA560665C82C929F7631E /* GoogleApi.swift */; };
		32DCAD6360C9EFF4FDD8EF6F /* DispatchTimeExtension.swift in Sources */ = {isa = PBXBuildFile; fileRef = 32DCABF1508B0C08DEDE2059 /* DispatchTimeExtension.swift */; };
		32DCAF9DA9EC47798DF8BB73 /* SignInViewController.swift in Sources */ = {isa = PBXBuildFile; fileRef = 32DCA9701B2D5052225A0414 /* SignInViewController.swift */; };
		A33BAA8422EA4B4F00CC1B5C /* flowcrypt-ios-icon.png in Resources */ = {isa = PBXBuildFile; fileRef = A33BAA8322EA4B4F00CC1B5C /* flowcrypt-ios-icon.png */; };
		A350A5CC22E9F0E000427C6C /* flowcrypt-ios-prod.js.txt in Resources */ = {isa = PBXBuildFile; fileRef = 32DCACD323127CD4FEA462FC /* flowcrypt-ios-prod.js.txt */; };
		A357699622EA2BC8009242C4 /* KeyInfo.swift in Sources */ = {isa = PBXBuildFile; fileRef = 04B4728B1ECE29D200B8266F /* KeyInfo.swift */; };
		A3DAD5FE22E4574B00F2C4CD /* FlowCryptCoreTests.swift in Sources */ = {isa = PBXBuildFile; fileRef = A3DAD5FD22E4574B00F2C4CD /* FlowCryptCoreTests.swift */; };
		A3DAD60622E4585800F2C4CD /* CoreTypes.swift in Sources */ = {isa = PBXBuildFile; fileRef = 32DCAC732B988D9704658812 /* CoreTypes.swift */; };
		A3DAD60822E4588800F2C4CD /* TestData.swift in Sources */ = {isa = PBXBuildFile; fileRef = A3DAD60722E4588800F2C4CD /* TestData.swift */; };
		A3DAD60A22E458C100F2C4CD /* CodableExntension.swift in Sources */ = {isa = PBXBuildFile; fileRef = 32DCA38E87F2B7196E0E1F1F /* CodableExntension.swift */; };
		A3DAD60B22E458C300F2C4CD /* DataExtension.swift in Sources */ = {isa = PBXBuildFile; fileRef = 32DCAEFF16F5D91A35791730 /* DataExtension.swift */; };
		A40B9DB9E27967AC623BA60B /* Pods_FlowCrypt.framework in Frameworks */ = {isa = PBXBuildFile; fileRef = 069059B887A8580765029BF9 /* Pods_FlowCrypt.framework */; };
		C132B9B41EC2DBD800763715 /* AppDelegate.swift in Sources */ = {isa = PBXBuildFile; fileRef = C132B9B31EC2DBD800763715 /* AppDelegate.swift */; };
		C132B9B91EC2DBD800763715 /* Main.storyboard in Resources */ = {isa = PBXBuildFile; fileRef = C132B9B71EC2DBD800763715 /* Main.storyboard */; };
		C132B9BB1EC2DBD800763715 /* Assets.xcassets in Resources */ = {isa = PBXBuildFile; fileRef = C132B9BA1EC2DBD800763715 /* Assets.xcassets */; };
		C132B9BE1EC2DBD800763715 /* LaunchScreen.storyboard in Resources */ = {isa = PBXBuildFile; fileRef = C132B9BC1EC2DBD800763715 /* LaunchScreen.storyboard */; };
		C132B9CB1EC2DE6400763715 /* Constants.swift in Sources */ = {isa = PBXBuildFile; fileRef = C132B9CA1EC2DE6400763715 /* Constants.swift */; };
		C132B9D91EC30E1D00763715 /* InboxViewController.swift in Sources */ = {isa = PBXBuildFile; fileRef = C132B9D81EC30E1D00763715 /* InboxViewController.swift */; };
		C132B9E91EC4484B00763715 /* InboxTableViewCell.swift in Sources */ = {isa = PBXBuildFile; fileRef = C132B9E81EC4484B00763715 /* InboxTableViewCell.swift */; };
		C132B9EB1EC45B9900763715 /* InboxTableViewCell.xib in Resources */ = {isa = PBXBuildFile; fileRef = C132B9EA1EC45B9900763715 /* InboxTableViewCell.xib */; };
		C192421F1EC48B6900C3D251 /* RecoverViewController.swift in Sources */ = {isa = PBXBuildFile; fileRef = C192421E1EC48B6900C3D251 /* RecoverViewController.swift */; };
		CC6ED7BC2A16D6F07672FF92 /* Pods_FlowCryptUITests.framework in Frameworks */ = {isa = PBXBuildFile; fileRef = 13DA62AE7F222AC44D458D11 /* Pods_FlowCryptUITests.framework */; };
		D952B71D1ED0CB2500E5C02B /* MsgViewController.swift in Sources */ = {isa = PBXBuildFile; fileRef = D952B71C1ED0CB2500E5C02B /* MsgViewController.swift */; };
		D9E42F251ED4756100DFBB97 /* Toast.swift in Sources */ = {isa = PBXBuildFile; fileRef = D9E42F241ED4756100DFBB97 /* Toast.swift */; };
/* End PBXBuildFile section */

/* Begin PBXContainerItemProxy section */
		A3DAD60022E4574B00F2C4CD /* PBXContainerItemProxy */ = {
			isa = PBXContainerItemProxy;
			containerPortal = C132B9A81EC2DBD800763715 /* Project object */;
			proxyType = 1;
			remoteGlobalIDString = C132B9AF1EC2DBD800763715;
			remoteInfo = FlowCrypt;
		};
/* End PBXContainerItemProxy section */

/* Begin PBXCopyFilesBuildPhase section */
		A32A4D3F22E38F180091BC5F /* Embed Frameworks */ = {
			isa = PBXCopyFilesBuildPhase;
			buildActionMask = 2147483647;
			dstPath = "";
			dstSubfolderSpec = 10;
			files = (
			);
			name = "Embed Frameworks";
			runOnlyForDeploymentPostprocessing = 0;
		};
/* End PBXCopyFilesBuildPhase section */

/* Begin PBXFileReference section */
		02A9A9F6DCFB9B2E407559A8 /* Pods-FlowCrypt.release.xcconfig */ = {isa = PBXFileReference; includeInIndex = 1; lastKnownFileType = text.xcconfig; name = "Pods-FlowCrypt.release.xcconfig"; path = "Target Support Files/Pods-FlowCrypt/Pods-FlowCrypt.release.xcconfig"; sourceTree = "<group>"; };
		04B472561ECE29B200B8266F /* ENSideMenu.swift */ = {isa = PBXFileReference; fileEncoding = 4; lastKnownFileType = sourcecode.swift; path = ENSideMenu.swift; sourceTree = "<group>"; };
		04B472571ECE29B200B8266F /* ENSideMenuNavigationController.swift */ = {isa = PBXFileReference; fileEncoding = 4; lastKnownFileType = sourcecode.swift; path = ENSideMenuNavigationController.swift; sourceTree = "<group>"; };
		04B4728B1ECE29D200B8266F /* KeyInfo.swift */ = {isa = PBXFileReference; fileEncoding = 4; lastKnownFileType = sourcecode.swift; path = KeyInfo.swift; sourceTree = "<group>"; };
		04B472921ECE29F600B8266F /* MyMenuTableViewController.swift */ = {isa = PBXFileReference; fileEncoding = 4; lastKnownFileType = sourcecode.swift; path = MyMenuTableViewController.swift; sourceTree = "<group>"; };
		04B472931ECE29F600B8266F /* MyNavigationController.swift */ = {isa = PBXFileReference; fileEncoding = 4; lastKnownFileType = sourcecode.swift; path = MyNavigationController.swift; sourceTree = "<group>"; };
		069059B887A8580765029BF9 /* Pods_FlowCrypt.framework */ = {isa = PBXFileReference; explicitFileType = wrapper.framework; includeInIndex = 0; path = Pods_FlowCrypt.framework; sourceTree = BUILT_PRODUCTS_DIR; };
		13DA62AE7F222AC44D458D11 /* Pods_FlowCryptUITests.framework */ = {isa = PBXFileReference; explicitFileType = wrapper.framework; includeInIndex = 0; path = Pods_FlowCryptUITests.framework; sourceTree = BUILT_PRODUCTS_DIR; };
		32DCA0C3D34A69851A238E87 /* Core.swift */ = {isa = PBXFileReference; fileEncoding = 4; lastKnownFileType = sourcecode.swift; path = Core.swift; sourceTree = "<group>"; };
		32DCA0E63F2F0473D0A8EDB0 /* StringExtensions.swift */ = {isa = PBXFileReference; fileEncoding = 4; lastKnownFileType = sourcecode.swift; path = StringExtensions.swift; sourceTree = "<group>"; };
		32DCA22065E606F68EC53221 /* SecPaddingExtension.swift */ = {isa = PBXFileReference; fileEncoding = 4; lastKnownFileType = sourcecode.swift; path = SecPaddingExtension.swift; sourceTree = "<group>"; };
		32DCA377D22F4D67A8FA05EB /* Imap.swift */ = {isa = PBXFileReference; fileEncoding = 4; lastKnownFileType = sourcecode.swift; path = Imap.swift; sourceTree = "<group>"; };
		32DCA38E87F2B7196E0E1F1F /* CodableExntension.swift */ = {isa = PBXFileReference; fileEncoding = 4; lastKnownFileType = sourcecode.swift; path = CodableExntension.swift; sourceTree = "<group>"; };
		32DCA4762A2B08BFF81AB38F /* BaseViewController.swift */ = {isa = PBXFileReference; fileEncoding = 4; lastKnownFileType = sourcecode.swift; path = BaseViewController.swift; sourceTree = "<group>"; };
		32DCA4A964004CBABCA2F01C /* PromiseExtension.swift */ = {isa = PBXFileReference; fileEncoding = 4; lastKnownFileType = sourcecode.swift; path = PromiseExtension.swift; sourceTree = "<group>"; };
		32DCA560665C82C929F7631E /* GoogleApi.swift */ = {isa = PBXFileReference; fileEncoding = 4; lastKnownFileType = sourcecode.swift; path = GoogleApi.swift; sourceTree = "<group>"; };
		32DCA63656CB3323C26BC084 /* UIVIewExtension.swift */ = {isa = PBXFileReference; fileEncoding = 4; lastKnownFileType = sourcecode.swift; path = UIVIewExtension.swift; sourceTree = "<group>"; };
		32DCA7E0AFE19FACB0F233ED /* URLSessionExtension.swift */ = {isa = PBXFileReference; fileEncoding = 4; lastKnownFileType = sourcecode.swift; path = URLSessionExtension.swift; sourceTree = "<group>"; };
		32DCA9701B2D5052225A0414 /* SignInViewController.swift */ = {isa = PBXFileReference; fileEncoding = 4; lastKnownFileType = sourcecode.swift; path = SignInViewController.swift; sourceTree = "<group>"; };
		32DCA9F692BEE170EBBA4EE7 /* AttesterApi.swift */ = {isa = PBXFileReference; fileEncoding = 4; lastKnownFileType = sourcecode.swift; path = AttesterApi.swift; sourceTree = "<group>"; };
		32DCAA865E9EC19756776544 /* Errors.swift */ = {isa = PBXFileReference; fileEncoding = 4; lastKnownFileType = sourcecode.swift; path = Errors.swift; sourceTree = "<group>"; };
		32DCAAE9F459F48178CAF8F5 /* ComposeViewController.swift */ = {isa = PBXFileReference; fileEncoding = 4; lastKnownFileType = sourcecode.swift; path = ComposeViewController.swift; sourceTree = "<group>"; };
		32DCABF1508B0C08DEDE2059 /* DispatchTimeExtension.swift */ = {isa = PBXFileReference; fileEncoding = 4; lastKnownFileType = sourcecode.swift; path = DispatchTimeExtension.swift; sourceTree = "<group>"; };
		32DCAC732B988D9704658812 /* CoreTypes.swift */ = {isa = PBXFileReference; fileEncoding = 4; lastKnownFileType = sourcecode.swift; path = CoreTypes.swift; sourceTree = "<group>"; };
		32DCACB22E895C2500A99350 /* CoreHost.swift */ = {isa = PBXFileReference; fileEncoding = 4; lastKnownFileType = sourcecode.swift; path = CoreHost.swift; sourceTree = "<group>"; };
		32DCACD323127CD4FEA462FC /* flowcrypt-ios-prod.js.txt */ = {isa = PBXFileReference; fileEncoding = 4; lastKnownFileType = text; path = "flowcrypt-ios-prod.js.txt"; sourceTree = "<group>"; };
		32DCAEFF16F5D91A35791730 /* DataExtension.swift */ = {isa = PBXFileReference; fileEncoding = 4; lastKnownFileType = sourcecode.swift; path = DataExtension.swift; sourceTree = "<group>"; };
		727E7B2D9A5AC9919E04363A /* Pods-FlowCryptUITests.release.xcconfig */ = {isa = PBXFileReference; includeInIndex = 1; lastKnownFileType = text.xcconfig; name = "Pods-FlowCryptUITests.release.xcconfig"; path = "Target Support Files/Pods-FlowCryptUITests/Pods-FlowCryptUITests.release.xcconfig"; sourceTree = "<group>"; };
		A33BAA8322EA4B4F00CC1B5C /* flowcrypt-ios-icon.png */ = {isa = PBXFileReference; lastKnownFileType = image.png; path = "flowcrypt-ios-icon.png"; sourceTree = "<group>"; };
		A3DAD5FB22E4574A00F2C4CD /* FlowCryptTests.xctest */ = {isa = PBXFileReference; explicitFileType = wrapper.cfbundle; includeInIndex = 0; path = FlowCryptTests.xctest; sourceTree = BUILT_PRODUCTS_DIR; };
		A3DAD5FD22E4574B00F2C4CD /* FlowCryptCoreTests.swift */ = {isa = PBXFileReference; lastKnownFileType = sourcecode.swift; path = FlowCryptCoreTests.swift; sourceTree = "<group>"; };
		A3DAD5FF22E4574B00F2C4CD /* Info.plist */ = {isa = PBXFileReference; lastKnownFileType = text.plist.xml; path = Info.plist; sourceTree = "<group>"; };
		A3DAD60722E4588800F2C4CD /* TestData.swift */ = {isa = PBXFileReference; lastKnownFileType = sourcecode.swift; path = TestData.swift; sourceTree = "<group>"; };
		C0FB753BE77A7038836861D7 /* Pods-FlowCrypt.debug.xcconfig */ = {isa = PBXFileReference; includeInIndex = 1; lastKnownFileType = text.xcconfig; name = "Pods-FlowCrypt.debug.xcconfig"; path = "Target Support Files/Pods-FlowCrypt/Pods-FlowCrypt.debug.xcconfig"; sourceTree = "<group>"; };
		C132B9B01EC2DBD800763715 /* FlowCrypt.app */ = {isa = PBXFileReference; explicitFileType = wrapper.application; includeInIndex = 0; path = FlowCrypt.app; sourceTree = BUILT_PRODUCTS_DIR; };
		C132B9B31EC2DBD800763715 /* AppDelegate.swift */ = {isa = PBXFileReference; lastKnownFileType = sourcecode.swift; path = AppDelegate.swift; sourceTree = "<group>"; };
		C132B9B81EC2DBD800763715 /* Base */ = {isa = PBXFileReference; lastKnownFileType = file.storyboard; name = Base; path = Base.lproj/Main.storyboard; sourceTree = "<group>"; };
		C132B9BA1EC2DBD800763715 /* Assets.xcassets */ = {isa = PBXFileReference; lastKnownFileType = folder.assetcatalog; path = Assets.xcassets; sourceTree = "<group>"; };
		C132B9BD1EC2DBD800763715 /* Base */ = {isa = PBXFileReference; lastKnownFileType = file.storyboard; name = Base; path = Base.lproj/LaunchScreen.storyboard; sourceTree = "<group>"; };
		C132B9BF1EC2DBD800763715 /* Info.plist */ = {isa = PBXFileReference; lastKnownFileType = text.plist.xml; path = Info.plist; sourceTree = "<group>"; };
		C132B9CA1EC2DE6400763715 /* Constants.swift */ = {isa = PBXFileReference; fileEncoding = 4; lastKnownFileType = sourcecode.swift; path = Constants.swift; sourceTree = "<group>"; };
		C132B9D81EC30E1D00763715 /* InboxViewController.swift */ = {isa = PBXFileReference; fileEncoding = 4; lastKnownFileType = sourcecode.swift; path = InboxViewController.swift; sourceTree = "<group>"; };
		C132B9DF1EC333AA00763715 /* FlowCrypt-Bridging-Header.h */ = {isa = PBXFileReference; lastKnownFileType = sourcecode.c.h; path = "FlowCrypt-Bridging-Header.h"; sourceTree = "<group>"; };
		C132B9E81EC4484B00763715 /* InboxTableViewCell.swift */ = {isa = PBXFileReference; fileEncoding = 4; lastKnownFileType = sourcecode.swift; path = InboxTableViewCell.swift; sourceTree = "<group>"; };
		C132B9EA1EC45B9900763715 /* InboxTableViewCell.xib */ = {isa = PBXFileReference; fileEncoding = 4; lastKnownFileType = file.xib; path = InboxTableViewCell.xib; sourceTree = "<group>"; };
		C192421E1EC48B6900C3D251 /* RecoverViewController.swift */ = {isa = PBXFileReference; fileEncoding = 4; lastKnownFileType = sourcecode.swift; path = RecoverViewController.swift; sourceTree = "<group>"; };
		D952B71C1ED0CB2500E5C02B /* MsgViewController.swift */ = {isa = PBXFileReference; fileEncoding = 4; lastKnownFileType = sourcecode.swift; path = MsgViewController.swift; sourceTree = "<group>"; };
		D9E42F241ED4756100DFBB97 /* Toast.swift */ = {isa = PBXFileReference; fileEncoding = 4; lastKnownFileType = sourcecode.swift; path = Toast.swift; sourceTree = "<group>"; };
		DFA70003EC75596718303F14 /* Pods-FlowCryptUITests.debug.xcconfig */ = {isa = PBXFileReference; includeInIndex = 1; lastKnownFileType = text.xcconfig; name = "Pods-FlowCryptUITests.debug.xcconfig"; path = "Target Support Files/Pods-FlowCryptUITests/Pods-FlowCryptUITests.debug.xcconfig"; sourceTree = "<group>"; };
/* End PBXFileReference section */

/* Begin PBXFrameworksBuildPhase section */
		A3DAD5F822E4574A00F2C4CD /* Frameworks */ = {
			isa = PBXFrameworksBuildPhase;
			buildActionMask = 2147483647;
			files = (
				CC6ED7BC2A16D6F07672FF92 /* Pods_FlowCryptUITests.framework in Frameworks */,
			);
			runOnlyForDeploymentPostprocessing = 0;
		};
		C132B9AD1EC2DBD800763715 /* Frameworks */ = {
			isa = PBXFrameworksBuildPhase;
			buildActionMask = 2147483647;
			files = (
				A40B9DB9E27967AC623BA60B /* Pods_FlowCrypt.framework in Frameworks */,
			);
			runOnlyForDeploymentPostprocessing = 0;
		};
/* End PBXFrameworksBuildPhase section */

/* Begin PBXGroup section */
		04B472541ECE29B200B8266F /* Lib */ = {
			isa = PBXGroup;
			children = (
				D9E42F231ED4756100DFBB97 /* ToastMessage */,
				04B472551ECE29B200B8266F /* ENSideMenu */,
			);
			path = Lib;
			sourceTree = "<group>";
		};
		04B472551ECE29B200B8266F /* ENSideMenu */ = {
			isa = PBXGroup;
			children = (
				04B472561ECE29B200B8266F /* ENSideMenu.swift */,
				04B472571ECE29B200B8266F /* ENSideMenuNavigationController.swift */,
			);
			path = ENSideMenu;
			sourceTree = "<group>";
		};
		04B4728A1ECE29D200B8266F /* Model */ = {
			isa = PBXGroup;
			children = (
				04B4728B1ECE29D200B8266F /* KeyInfo.swift */,
			);
			path = Model;
			sourceTree = "<group>";
		};
		04B4728F1ECE29F600B8266F /* Compose */ = {
			isa = PBXGroup;
			children = (
				32DCAAE9F459F48178CAF8F5 /* ComposeViewController.swift */,
			);
			path = Compose;
			sourceTree = "<group>";
		};
		04B472911ECE29F600B8266F /* SideMenu */ = {
			isa = PBXGroup;
			children = (
				04B472921ECE29F600B8266F /* MyMenuTableViewController.swift */,
				04B472931ECE29F600B8266F /* MyNavigationController.swift */,
			);
			path = SideMenu;
			sourceTree = "<group>";
		};
		2DC3601602226D74335E18F4 /* Pods */ = {
			isa = PBXGroup;
			children = (
				C0FB753BE77A7038836861D7 /* Pods-FlowCrypt.debug.xcconfig */,
				02A9A9F6DCFB9B2E407559A8 /* Pods-FlowCrypt.release.xcconfig */,
				DFA70003EC75596718303F14 /* Pods-FlowCryptUITests.debug.xcconfig */,
				727E7B2D9A5AC9919E04363A /* Pods-FlowCryptUITests.release.xcconfig */,
			);
			path = Pods;
			sourceTree = "<group>";
		};
		32DCA376D595968F13A3347A /* Core */ = {
			isa = PBXGroup;
			children = (
				32DCAC732B988D9704658812 /* CoreTypes.swift */,
				32DCA0C3D34A69851A238E87 /* Core.swift */,
				32DCACB22E895C2500A99350 /* CoreHost.swift */,
			);
			path = Core;
			sourceTree = "<group>";
		};
		32DCA8D5AF0A43354CC7F58B /* SignIn */ = {
			isa = PBXGroup;
			children = (
				32DCA9701B2D5052225A0414 /* SignInViewController.swift */,
			);
			path = SignIn;
			sourceTree = "<group>";
		};
		32DCAEF9FEEF84D4F0D4A516 /* Extensions */ = {
			isa = PBXGroup;
			children = (
				32DCA63656CB3323C26BC084 /* UIVIewExtension.swift */,
				32DCA7E0AFE19FACB0F233ED /* URLSessionExtension.swift */,
				32DCA38E87F2B7196E0E1F1F /* CodableExntension.swift */,
				32DCAEFF16F5D91A35791730 /* DataExtension.swift */,
				32DCA0E63F2F0473D0A8EDB0 /* StringExtensions.swift */,
				32DCA4A964004CBABCA2F01C /* PromiseExtension.swift */,
				32DCABF1508B0C08DEDE2059 /* DispatchTimeExtension.swift */,
				32DCA22065E606F68EC53221 /* SecPaddingExtension.swift */,
			);
			path = Extensions;
			sourceTree = "<group>";
		};
		A3D328BF22E1C640002888F4 /* Storyboards */ = {
			isa = PBXGroup;
			children = (
				C132B9B71EC2DBD800763715 /* Main.storyboard */,
				C132B9BC1EC2DBD800763715 /* LaunchScreen.storyboard */,
			);
			path = Storyboards;
			sourceTree = "<group>";
		};
		A3DAD5FC22E4574B00F2C4CD /* FlowCryptTests */ = {
			isa = PBXGroup;
			children = (
				A3DAD5FD22E4574B00F2C4CD /* FlowCryptCoreTests.swift */,
				A3DAD5FF22E4574B00F2C4CD /* Info.plist */,
				A3DAD60722E4588800F2C4CD /* TestData.swift */,
			);
			path = FlowCryptTests;
			sourceTree = "<group>";
		};
		A3DAD60C22E469E400F2C4CD /* Resources */ = {
			isa = PBXGroup;
			children = (
				A33BAA8322EA4B4F00CC1B5C /* flowcrypt-ios-icon.png */,
				32DCACD323127CD4FEA462FC /* flowcrypt-ios-prod.js.txt */,
			);
			path = Resources;
			sourceTree = "<group>";
		};
		C132B9A71EC2DBD800763715 = {
			isa = PBXGroup;
			children = (
				C132B9B21EC2DBD800763715 /* FlowCrypt */,
				A3DAD5FC22E4574B00F2C4CD /* FlowCryptTests */,
				2DC3601602226D74335E18F4 /* Pods */,
				C132B9B11EC2DBD800763715 /* Products */,
				E48A4865C8E7B2B971F5FC18 /* Frameworks */,
			);
			sourceTree = "<group>";
		};
		C132B9B11EC2DBD800763715 /* Products */ = {
			isa = PBXGroup;
			children = (
				C132B9B01EC2DBD800763715 /* FlowCrypt.app */,
				A3DAD5FB22E4574A00F2C4CD /* FlowCryptTests.xctest */,
			);
			name = Products;
			sourceTree = "<group>";
		};
		C132B9B21EC2DBD800763715 /* FlowCrypt */ = {
			isa = PBXGroup;
			children = (
				32DCA376D595968F13A3347A /* Core */,
				A3D328BF22E1C640002888F4 /* Storyboards */,
				A3DAD60C22E469E400F2C4CD /* Resources */,
				32DCAEF9FEEF84D4F0D4A516 /* Extensions */,
				04B4728A1ECE29D200B8266F /* Model */,
				04B472541ECE29B200B8266F /* Lib */,
				C132B9C51EC2DCAB00763715 /* Controllers */,
				C132B9C61EC2DCC000763715 /* Common */,
				C132B9B31EC2DBD800763715 /* AppDelegate.swift */,
				C132B9DF1EC333AA00763715 /* FlowCrypt-Bridging-Header.h */,
				C132B9BA1EC2DBD800763715 /* Assets.xcassets */,
				C132B9BF1EC2DBD800763715 /* Info.plist */,
			);
			path = FlowCrypt;
			sourceTree = "<group>";
		};
		C132B9C51EC2DCAB00763715 /* Controllers */ = {
			isa = PBXGroup;
			children = (
				D952B71B1ED0CB0100E5C02B /* Msg */,
				04B4728F1ECE29F600B8266F /* Compose */,
				04B472911ECE29F600B8266F /* SideMenu */,
				C192421D1EC48B5600C3D251 /* Recover */,
				C132B9D71EC30E0B00763715 /* Inbox */,
				32DCA4762A2B08BFF81AB38F /* BaseViewController.swift */,
				32DCA8D5AF0A43354CC7F58B /* SignIn */,
			);
			path = Controllers;
			sourceTree = "<group>";
		};
		C132B9C61EC2DCC000763715 /* Common */ = {
			isa = PBXGroup;
			children = (
				C132B9CA1EC2DE6400763715 /* Constants.swift */,
				32DCA9F692BEE170EBBA4EE7 /* AttesterApi.swift */,
				32DCA377D22F4D67A8FA05EB /* Imap.swift */,
				32DCA560665C82C929F7631E /* GoogleApi.swift */,
				32DCAA865E9EC19756776544 /* Errors.swift */,
			);
			path = Common;
			sourceTree = "<group>";
		};
		C132B9D71EC30E0B00763715 /* Inbox */ = {
			isa = PBXGroup;
			children = (
				C132B9D81EC30E1D00763715 /* InboxViewController.swift */,
				C132B9E71EC4476500763715 /* CustomCells */,
			);
			path = Inbox;
			sourceTree = "<group>";
		};
		C132B9E71EC4476500763715 /* CustomCells */ = {
			isa = PBXGroup;
			children = (
				C132B9E81EC4484B00763715 /* InboxTableViewCell.swift */,
				C132B9EA1EC45B9900763715 /* InboxTableViewCell.xib */,
			);
			path = CustomCells;
			sourceTree = "<group>";
		};
		C192421D1EC48B5600C3D251 /* Recover */ = {
			isa = PBXGroup;
			children = (
				C192421E1EC48B6900C3D251 /* RecoverViewController.swift */,
			);
			path = Recover;
			sourceTree = "<group>";
		};
		D952B71B1ED0CB0100E5C02B /* Msg */ = {
			isa = PBXGroup;
			children = (
				D952B71C1ED0CB2500E5C02B /* MsgViewController.swift */,
			);
			path = Msg;
			sourceTree = "<group>";
		};
		D9E42F231ED4756100DFBB97 /* ToastMessage */ = {
			isa = PBXGroup;
			children = (
				D9E42F241ED4756100DFBB97 /* Toast.swift */,
			);
			path = ToastMessage;
			sourceTree = "<group>";
		};
		E48A4865C8E7B2B971F5FC18 /* Frameworks */ = {
			isa = PBXGroup;
			children = (
				069059B887A8580765029BF9 /* Pods_FlowCrypt.framework */,
				13DA62AE7F222AC44D458D11 /* Pods_FlowCryptUITests.framework */,
			);
			name = Frameworks;
			sourceTree = "<group>";
		};
/* End PBXGroup section */

/* Begin PBXNativeTarget section */
		A3DAD5FA22E4574A00F2C4CD /* FlowCryptTests */ = {
			isa = PBXNativeTarget;
			buildConfigurationList = A3DAD60222E4574B00F2C4CD /* Build configuration list for PBXNativeTarget "FlowCryptTests" */;
			buildPhases = (
				2DF61115A2BD5F1DEB320500 /* [CP] Check Pods Manifest.lock */,
				A3DAD5F722E4574A00F2C4CD /* Sources */,
				A3DAD5F822E4574A00F2C4CD /* Frameworks */,
				A3DAD5F922E4574A00F2C4CD /* Resources */,
				55C9BCF9885AE6B05C39978A /* [CP] Embed Pods Frameworks */,
			);
			buildRules = (
			);
			dependencies = (
				A3DAD60122E4574B00F2C4CD /* PBXTargetDependency */,
			);
			name = FlowCryptTests;
			productName = FlowCryptUITests;
			productReference = A3DAD5FB22E4574A00F2C4CD /* FlowCryptTests.xctest */;
			productType = "com.apple.product-type.bundle.ui-testing";
		};
		C132B9AF1EC2DBD800763715 /* FlowCrypt */ = {
			isa = PBXNativeTarget;
			buildConfigurationList = C132B9C21EC2DBD800763715 /* Build configuration list for PBXNativeTarget "FlowCrypt" */;
			buildPhases = (
				5430C58483A407F52FD23C1B /* [CP] Check Pods Manifest.lock */,
				C132B9AC1EC2DBD800763715 /* Sources */,
				C132B9AD1EC2DBD800763715 /* Frameworks */,
				C132B9AE1EC2DBD800763715 /* Resources */,
				D9F6E3D61ED7342E00FD2848 /* ShellScript */,
				A32A4D3F22E38F180091BC5F /* Embed Frameworks */,
				527B6FD5C3E83A37AEA8D0A3 /* [CP] Embed Pods Frameworks */,
				F5FDFD02C616C6B2DEBEEFCA /* [CP] Copy Pods Resources */,
			);
			buildRules = (
			);
			dependencies = (
			);
			name = FlowCrypt;
			productName = FlowCrypt;
			productReference = C132B9B01EC2DBD800763715 /* FlowCrypt.app */;
			productType = "com.apple.product-type.application";
		};
/* End PBXNativeTarget section */

/* Begin PBXProject section */
		C132B9A81EC2DBD800763715 /* Project object */ = {
			isa = PBXProject;
			attributes = {
				LastSwiftUpdateCheck = 1020;
				LastUpgradeCheck = 1020;
				ORGANIZATIONNAME = "FlowCrypt Limited";
				TargetAttributes = {
					A3DAD5FA22E4574A00F2C4CD = {
						CreatedOnToolsVersion = 10.2.1;
						TestTargetID = C132B9AF1EC2DBD800763715;
					};
					C132B9AF1EC2DBD800763715 = {
						CreatedOnToolsVersion = 8.3.2;
						DevelopmentTeam = W57XRJ27NX;
						LastSwiftMigration = 1020;
						ProvisioningStyle = Automatic;
					};
				};
			};
			buildConfigurationList = C132B9AB1EC2DBD800763715 /* Build configuration list for PBXProject "FlowCrypt" */;
			compatibilityVersion = "Xcode 10.0";
			developmentRegion = en;
			hasScannedForEncodings = 0;
			knownRegions = (
				en,
				Base,
			);
			mainGroup = C132B9A71EC2DBD800763715;
			productRefGroup = C132B9B11EC2DBD800763715 /* Products */;
			projectDirPath = "";
			projectRoot = "";
			targets = (
				C132B9AF1EC2DBD800763715 /* FlowCrypt */,
				A3DAD5FA22E4574A00F2C4CD /* FlowCryptTests */,
			);
		};
/* End PBXProject section */

/* Begin PBXResourcesBuildPhase section */
		A3DAD5F922E4574A00F2C4CD /* Resources */ = {
			isa = PBXResourcesBuildPhase;
			buildActionMask = 2147483647;
			files = (
				A350A5CC22E9F0E000427C6C /* flowcrypt-ios-prod.js.txt in Resources */,
			);
			runOnlyForDeploymentPostprocessing = 0;
		};
		C132B9AE1EC2DBD800763715 /* Resources */ = {
			isa = PBXResourcesBuildPhase;
			buildActionMask = 2147483647;
			files = (
				C132B9BE1EC2DBD800763715 /* LaunchScreen.storyboard in Resources */,
				C132B9EB1EC45B9900763715 /* InboxTableViewCell.xib in Resources */,
				C132B9BB1EC2DBD800763715 /* Assets.xcassets in Resources */,
				C132B9B91EC2DBD800763715 /* Main.storyboard in Resources */,
				32DCA6A3C9D59DD16B136772 /* flowcrypt-ios-prod.js.txt in Resources */,
				A33BAA8422EA4B4F00CC1B5C /* flowcrypt-ios-icon.png in Resources */,
			);
			runOnlyForDeploymentPostprocessing = 0;
		};
/* End PBXResourcesBuildPhase section */

/* Begin PBXShellScriptBuildPhase section */
		2DF61115A2BD5F1DEB320500 /* [CP] Check Pods Manifest.lock */ = {
			isa = PBXShellScriptBuildPhase;
			buildActionMask = 2147483647;
			files = (
			);
			inputFileListPaths = (
			);
			inputPaths = (
				"${PODS_PODFILE_DIR_PATH}/Podfile.lock",
				"${PODS_ROOT}/Manifest.lock",
			);
			name = "[CP] Check Pods Manifest.lock";
			outputFileListPaths = (
			);
			outputPaths = (
				"$(DERIVED_FILE_DIR)/Pods-FlowCryptUITests-checkManifestLockResult.txt",
			);
			runOnlyForDeploymentPostprocessing = 0;
			shellPath = /bin/sh;
			shellScript = "diff \"${PODS_PODFILE_DIR_PATH}/Podfile.lock\" \"${PODS_ROOT}/Manifest.lock\" > /dev/null\nif [ $? != 0 ] ; then\n    # print error to STDERR\n    echo \"error: The sandbox is not in sync with the Podfile.lock. Run 'pod install' or update your CocoaPods installation.\" >&2\n    exit 1\nfi\n# This output is used by Xcode 'outputs' to avoid re-running this script phase.\necho \"SUCCESS\" > \"${SCRIPT_OUTPUT_FILE_0}\"\n";
			showEnvVarsInLog = 0;
		};
		527B6FD5C3E83A37AEA8D0A3 /* [CP] Embed Pods Frameworks */ = {
			isa = PBXShellScriptBuildPhase;
			buildActionMask = 2147483647;
			files = (
			);
			inputFileListPaths = (
				"${PODS_ROOT}/Target Support Files/Pods-FlowCrypt/Pods-FlowCrypt-frameworks-${CONFIGURATION}-input-files.xcfilelist",
			);
			name = "[CP] Embed Pods Frameworks";
			outputFileListPaths = (
				"${PODS_ROOT}/Target Support Files/Pods-FlowCrypt/Pods-FlowCrypt-frameworks-${CONFIGURATION}-output-files.xcfilelist",
			);
			runOnlyForDeploymentPostprocessing = 0;
			shellPath = /bin/sh;
			shellScript = "\"${PODS_ROOT}/Target Support Files/Pods-FlowCrypt/Pods-FlowCrypt-frameworks.sh\"\n";
			showEnvVarsInLog = 0;
		};
		5430C58483A407F52FD23C1B /* [CP] Check Pods Manifest.lock */ = {
			isa = PBXShellScriptBuildPhase;
			buildActionMask = 2147483647;
			files = (
			);
			inputFileListPaths = (
			);
			inputPaths = (
				"${PODS_PODFILE_DIR_PATH}/Podfile.lock",
				"${PODS_ROOT}/Manifest.lock",
			);
			name = "[CP] Check Pods Manifest.lock";
			outputFileListPaths = (
			);
			outputPaths = (
				"$(DERIVED_FILE_DIR)/Pods-FlowCrypt-checkManifestLockResult.txt",
			);
			runOnlyForDeploymentPostprocessing = 0;
			shellPath = /bin/sh;
			shellScript = "diff \"${PODS_PODFILE_DIR_PATH}/Podfile.lock\" \"${PODS_ROOT}/Manifest.lock\" > /dev/null\nif [ $? != 0 ] ; then\n    # print error to STDERR\n    echo \"error: The sandbox is not in sync with the Podfile.lock. Run 'pod install' or update your CocoaPods installation.\" >&2\n    exit 1\nfi\n# This output is used by Xcode 'outputs' to avoid re-running this script phase.\necho \"SUCCESS\" > \"${SCRIPT_OUTPUT_FILE_0}\"\n";
			showEnvVarsInLog = 0;
		};
		55C9BCF9885AE6B05C39978A /* [CP] Embed Pods Frameworks */ = {
			isa = PBXShellScriptBuildPhase;
			buildActionMask = 2147483647;
			files = (
			);
			inputFileListPaths = (
				"${PODS_ROOT}/Target Support Files/Pods-FlowCryptUITests/Pods-FlowCryptUITests-frameworks-${CONFIGURATION}-input-files.xcfilelist",
			);
			name = "[CP] Embed Pods Frameworks";
			outputFileListPaths = (
				"${PODS_ROOT}/Target Support Files/Pods-FlowCryptUITests/Pods-FlowCryptUITests-frameworks-${CONFIGURATION}-output-files.xcfilelist",
			);
			runOnlyForDeploymentPostprocessing = 0;
			shellPath = /bin/sh;
			shellScript = "\"${PODS_ROOT}/Target Support Files/Pods-FlowCryptUITests/Pods-FlowCryptUITests-frameworks.sh\"\n";
			showEnvVarsInLog = 0;
		};
		D9F6E3D61ED7342E00FD2848 /* ShellScript */ = {
			isa = PBXShellScriptBuildPhase;
			buildActionMask = 2147483647;
			files = (
			);
			inputPaths = (
			);
			outputPaths = (
			);
			runOnlyForDeploymentPostprocessing = 0;
			shellPath = /bin/sh;
			shellScript = "";
		};
		F5FDFD02C616C6B2DEBEEFCA /* [CP] Copy Pods Resources */ = {
			isa = PBXShellScriptBuildPhase;
			buildActionMask = 2147483647;
			files = (
			);
			inputFileListPaths = (
				"${PODS_ROOT}/Target Support Files/Pods-FlowCrypt/Pods-FlowCrypt-resources-${CONFIGURATION}-input-files.xcfilelist",
			);
			name = "[CP] Copy Pods Resources";
			outputFileListPaths = (
				"${PODS_ROOT}/Target Support Files/Pods-FlowCrypt/Pods-FlowCrypt-resources-${CONFIGURATION}-output-files.xcfilelist",
			);
			runOnlyForDeploymentPostprocessing = 0;
			shellPath = /bin/sh;
			shellScript = "\"${PODS_ROOT}/Target Support Files/Pods-FlowCrypt/Pods-FlowCrypt-resources.sh\"\n";
			showEnvVarsInLog = 0;
		};
/* End PBXShellScriptBuildPhase section */

/* Begin PBXSourcesBuildPhase section */
		A3DAD5F722E4574A00F2C4CD /* Sources */ = {
			isa = PBXSourcesBuildPhase;
			buildActionMask = 2147483647;
			files = (
				A357699622EA2BC8009242C4 /* KeyInfo.swift in Sources */,
				A3DAD60622E4585800F2C4CD /* CoreTypes.swift in Sources */,
				A3DAD5FE22E4574B00F2C4CD /* FlowCryptCoreTests.swift in Sources */,
				A3DAD60B22E458C300F2C4CD /* DataExtension.swift in Sources */,
				A3DAD60822E4588800F2C4CD /* TestData.swift in Sources */,
				A3DAD60A22E458C100F2C4CD /* CodableExntension.swift in Sources */,
				32DCACFD1193878BEB48C24D /* PromiseExtension.swift in Sources */,
				32DCA009F3149806AA1103B1 /* Core.swift in Sources */,
				32DCAD6360C9EFF4FDD8EF6F /* DispatchTimeExtension.swift in Sources */,
				32DCA4DE5ED89E8BC8E9887E /* CoreHost.swift in Sources */,
				32DCA4F8E74975F0393FA29C /* SecPaddingExtension.swift in Sources */,
				32DCA62579786A8090EAFEE3 /* flowcrypt-ios-prod.js.txt in Sources */,
			);
			runOnlyForDeploymentPostprocessing = 0;
		};
		C132B9AC1EC2DBD800763715 /* Sources */ = {
			isa = PBXSourcesBuildPhase;
			buildActionMask = 2147483647;
			files = (
				04B472951ECE29F600B8266F /* MyMenuTableViewController.swift in Sources */,
				D9E42F251ED4756100DFBB97 /* Toast.swift in Sources */,
				C132B9B41EC2DBD800763715 /* AppDelegate.swift in Sources */,
				04B472961ECE29F600B8266F /* MyNavigationController.swift in Sources */,
				04B472721ECE29B200B8266F /* ENSideMenu.swift in Sources */,
				C132B9D91EC30E1D00763715 /* InboxViewController.swift in Sources */,
				C132B9CB1EC2DE6400763715 /* Constants.swift in Sources */,
				C192421F1EC48B6900C3D251 /* RecoverViewController.swift in Sources */,
				D952B71D1ED0CB2500E5C02B /* MsgViewController.swift in Sources */,
				C132B9E91EC4484B00763715 /* InboxTableViewCell.swift in Sources */,
				04B4728D1ECE29D200B8266F /* KeyInfo.swift in Sources */,
				04B472731ECE29B200B8266F /* ENSideMenuNavigationController.swift in Sources */,
				32DCA1339D6857686ABD3FC4 /* UIVIewExtension.swift in Sources */,
				32DCA5577770FF2394018FA9 /* AttesterApi.swift in Sources */,
				32DCA2BB910FA1B19BA8B328 /* Imap.swift in Sources */,
				32DCAD5D7468B985C24F6E76 /* GoogleApi.swift in Sources */,
				32DCA1B95DDC04D671F662F8 /* URLSessionExtension.swift in Sources */,
				32DCA04CA0DAB79C39514782 /* CoreTypes.swift in Sources */,
				32DCA89EEE54530F9A2C50F9 /* CodableExntension.swift in Sources */,
				32DCACB1AA1A298DFD8B2E22 /* DataExtension.swift in Sources */,
				32DCAA4C8C5612784F63F996 /* BaseViewController.swift in Sources */,
				32DCA25E425D2A207CF2B764 /* StringExtensions.swift in Sources */,
				32DCA583D0C09131947705C8 /* PromiseExtension.swift in Sources */,
				32DCA1414EEA727B86C337D5 /* Core.swift in Sources */,
				32DCA557DA4EF81A74CEF951 /* TestData.swift in Sources */,
				32DCA64A309E3C34D8C9039E /* DispatchTimeExtension.swift in Sources */,
				32DCA9C61ABB3234649B374E /* CoreHost.swift in Sources */,
				32DCAAD97FDEB229EA327DB5 /* SecPaddingExtension.swift in Sources */,
				32DCAF9DA9EC47798DF8BB73 /* SignInViewController.swift in Sources */,
				32DCA1FE33A44B4B18F1404B /* Errors.swift in Sources */,
				32DCA594BD65DE3AF94569F3 /* ComposeViewController.swift in Sources */,
			);
			runOnlyForDeploymentPostprocessing = 0;
		};
/* End PBXSourcesBuildPhase section */

/* Begin PBXTargetDependency section */
		A3DAD60122E4574B00F2C4CD /* PBXTargetDependency */ = {
			isa = PBXTargetDependency;
			target = C132B9AF1EC2DBD800763715 /* FlowCrypt */;
			targetProxy = A3DAD60022E4574B00F2C4CD /* PBXContainerItemProxy */;
		};
/* End PBXTargetDependency section */

/* Begin PBXVariantGroup section */
		C132B9B71EC2DBD800763715 /* Main.storyboard */ = {
			isa = PBXVariantGroup;
			children = (
				C132B9B81EC2DBD800763715 /* Base */,
			);
			name = Main.storyboard;
			sourceTree = "<group>";
		};
		C132B9BC1EC2DBD800763715 /* LaunchScreen.storyboard */ = {
			isa = PBXVariantGroup;
			children = (
				C132B9BD1EC2DBD800763715 /* Base */,
			);
			name = LaunchScreen.storyboard;
			sourceTree = "<group>";
		};
/* End PBXVariantGroup section */

/* Begin XCBuildConfiguration section */
		A3DAD60322E4574B00F2C4CD /* Debug */ = {
			isa = XCBuildConfiguration;
			baseConfigurationReference = DFA70003EC75596718303F14 /* Pods-FlowCryptUITests.debug.xcconfig */;
			buildSettings = {
				CLANG_CXX_LANGUAGE_STANDARD = "gnu++14";
				CLANG_ENABLE_OBJC_WEAK = YES;
				CLANG_WARN_UNGUARDED_AVAILABILITY = YES_AGGRESSIVE;
				CODE_SIGN_IDENTITY = "iPhone Developer";
				CODE_SIGN_STYLE = Automatic;
				DEVELOPMENT_TEAM = W57XRJ27NX;
				FRAMEWORK_SEARCH_PATHS = "$(inherited)";
				GCC_C_LANGUAGE_STANDARD = gnu11;
				INFOPLIST_FILE = FlowCryptTests/Info.plist;
				LD_RUNPATH_SEARCH_PATHS = (
					"$(inherited)",
					"@executable_path/Frameworks",
					"@loader_path/Frameworks",
				);
				MTL_ENABLE_DEBUG_INFO = INCLUDE_SOURCE;
				MTL_FAST_MATH = YES;
				PRODUCT_BUNDLE_IDENTIFIER = flowcrypt.FlowCryptTests;
				PRODUCT_NAME = "$(TARGET_NAME)";
				SWIFT_OBJC_BRIDGING_HEADER = "";
				SWIFT_VERSION = 5.0;
				TARGETED_DEVICE_FAMILY = "1,2";
				TEST_TARGET_NAME = FlowCrypt;
			};
			name = Debug;
		};
		A3DAD60422E4574B00F2C4CD /* Release */ = {
			isa = XCBuildConfiguration;
			baseConfigurationReference = 727E7B2D9A5AC9919E04363A /* Pods-FlowCryptUITests.release.xcconfig */;
			buildSettings = {
				CLANG_CXX_LANGUAGE_STANDARD = "gnu++14";
				CLANG_ENABLE_OBJC_WEAK = YES;
				CLANG_WARN_UNGUARDED_AVAILABILITY = YES_AGGRESSIVE;
				CODE_SIGN_IDENTITY = "iPhone Developer";
				CODE_SIGN_STYLE = Automatic;
				DEVELOPMENT_TEAM = W57XRJ27NX;
				FRAMEWORK_SEARCH_PATHS = "$(inherited)";
				GCC_C_LANGUAGE_STANDARD = gnu11;
				INFOPLIST_FILE = FlowCryptTests/Info.plist;
				LD_RUNPATH_SEARCH_PATHS = (
					"$(inherited)",
					"@executable_path/Frameworks",
					"@loader_path/Frameworks",
				);
				MTL_FAST_MATH = YES;
				PRODUCT_BUNDLE_IDENTIFIER = flowcrypt.FlowCryptTests;
				PRODUCT_NAME = "$(TARGET_NAME)";
				SWIFT_OBJC_BRIDGING_HEADER = "";
				SWIFT_VERSION = 5.0;
				TARGETED_DEVICE_FAMILY = "1,2";
				TEST_TARGET_NAME = FlowCrypt;
			};
			name = Release;
		};
		C132B9C01EC2DBD800763715 /* Debug */ = {
			isa = XCBuildConfiguration;
			buildSettings = {
				ALWAYS_SEARCH_USER_PATHS = NO;
				CLANG_ANALYZER_LOCALIZABILITY_NONLOCALIZED = YES;
				CLANG_ANALYZER_NONNULL = YES;
				CLANG_ANALYZER_NUMBER_OBJECT_CONVERSION = YES_AGGRESSIVE;
				CLANG_CXX_LANGUAGE_STANDARD = "gnu++0x";
				CLANG_CXX_LIBRARY = "libc++";
				CLANG_ENABLE_MODULES = YES;
				CLANG_ENABLE_OBJC_ARC = YES;
				CLANG_WARN_BLOCK_CAPTURE_AUTORELEASING = YES;
				CLANG_WARN_BOOL_CONVERSION = YES;
				CLANG_WARN_COMMA = YES;
				CLANG_WARN_CONSTANT_CONVERSION = YES;
				CLANG_WARN_DEPRECATED_OBJC_IMPLEMENTATIONS = YES;
				CLANG_WARN_DIRECT_OBJC_ISA_USAGE = YES_ERROR;
				CLANG_WARN_DOCUMENTATION_COMMENTS = YES;
				CLANG_WARN_EMPTY_BODY = YES;
				CLANG_WARN_ENUM_CONVERSION = YES;
				CLANG_WARN_INFINITE_RECURSION = YES;
				CLANG_WARN_INT_CONVERSION = YES;
				CLANG_WARN_NON_LITERAL_NULL_CONVERSION = YES;
				CLANG_WARN_OBJC_IMPLICIT_RETAIN_SELF = YES;
				CLANG_WARN_OBJC_LITERAL_CONVERSION = YES;
				CLANG_WARN_OBJC_ROOT_CLASS = YES_ERROR;
				CLANG_WARN_RANGE_LOOP_ANALYSIS = YES;
				CLANG_WARN_STRICT_PROTOTYPES = YES;
				CLANG_WARN_SUSPICIOUS_MOVE = YES;
				CLANG_WARN_UNREACHABLE_CODE = YES;
				CLANG_WARN__DUPLICATE_METHOD_MATCH = YES;
				"CODE_SIGN_IDENTITY[sdk=iphoneos*]" = "iPhone Developer";
				COPY_PHASE_STRIP = NO;
				DEBUG_INFORMATION_FORMAT = dwarf;
				ENABLE_BITCODE = NO;
				ENABLE_STRICT_OBJC_MSGSEND = YES;
				ENABLE_TESTABILITY = YES;
				GCC_C_LANGUAGE_STANDARD = gnu99;
				GCC_DYNAMIC_NO_PIC = NO;
				GCC_NO_COMMON_BLOCKS = YES;
				GCC_OPTIMIZATION_LEVEL = 0;
				GCC_PREPROCESSOR_DEFINITIONS = (
					"DEBUG=1",
					"$(inherited)",
				);
				GCC_WARN_64_TO_32_BIT_CONVERSION = YES;
				GCC_WARN_ABOUT_RETURN_TYPE = YES_ERROR;
				GCC_WARN_UNDECLARED_SELECTOR = YES;
				GCC_WARN_UNINITIALIZED_AUTOS = YES_AGGRESSIVE;
				GCC_WARN_UNUSED_FUNCTION = YES;
				GCC_WARN_UNUSED_VARIABLE = YES;
				IPHONEOS_DEPLOYMENT_TARGET = 12.2;
				MTL_ENABLE_DEBUG_INFO = YES;
				ONLY_ACTIVE_ARCH = YES;
				SDKROOT = iphoneos;
				SWIFT_ACTIVE_COMPILATION_CONDITIONS = DEBUG;
				SWIFT_OPTIMIZATION_LEVEL = "-Onone";
				SWIFT_VERSION = 5.0;
			};
			name = Debug;
		};
		C132B9C11EC2DBD800763715 /* Release */ = {
			isa = XCBuildConfiguration;
			buildSettings = {
				ALWAYS_SEARCH_USER_PATHS = NO;
				CLANG_ANALYZER_LOCALIZABILITY_NONLOCALIZED = YES;
				CLANG_ANALYZER_NONNULL = YES;
				CLANG_ANALYZER_NUMBER_OBJECT_CONVERSION = YES_AGGRESSIVE;
				CLANG_CXX_LANGUAGE_STANDARD = "gnu++0x";
				CLANG_CXX_LIBRARY = "libc++";
				CLANG_ENABLE_MODULES = YES;
				CLANG_ENABLE_OBJC_ARC = YES;
				CLANG_WARN_BLOCK_CAPTURE_AUTORELEASING = YES;
				CLANG_WARN_BOOL_CONVERSION = YES;
				CLANG_WARN_COMMA = YES;
				CLANG_WARN_CONSTANT_CONVERSION = YES;
				CLANG_WARN_DEPRECATED_OBJC_IMPLEMENTATIONS = YES;
				CLANG_WARN_DIRECT_OBJC_ISA_USAGE = YES_ERROR;
				CLANG_WARN_DOCUMENTATION_COMMENTS = YES;
				CLANG_WARN_EMPTY_BODY = YES;
				CLANG_WARN_ENUM_CONVERSION = YES;
				CLANG_WARN_INFINITE_RECURSION = YES;
				CLANG_WARN_INT_CONVERSION = YES;
				CLANG_WARN_NON_LITERAL_NULL_CONVERSION = YES;
				CLANG_WARN_OBJC_IMPLICIT_RETAIN_SELF = YES;
				CLANG_WARN_OBJC_LITERAL_CONVERSION = YES;
				CLANG_WARN_OBJC_ROOT_CLASS = YES_ERROR;
				CLANG_WARN_RANGE_LOOP_ANALYSIS = YES;
				CLANG_WARN_STRICT_PROTOTYPES = YES;
				CLANG_WARN_SUSPICIOUS_MOVE = YES;
				CLANG_WARN_UNREACHABLE_CODE = YES;
				CLANG_WARN__DUPLICATE_METHOD_MATCH = YES;
				"CODE_SIGN_IDENTITY[sdk=iphoneos*]" = "iPhone Developer";
				COPY_PHASE_STRIP = NO;
				DEBUG_INFORMATION_FORMAT = "dwarf-with-dsym";
				ENABLE_BITCODE = NO;
				ENABLE_NS_ASSERTIONS = NO;
				ENABLE_STRICT_OBJC_MSGSEND = YES;
				GCC_C_LANGUAGE_STANDARD = gnu99;
				GCC_NO_COMMON_BLOCKS = YES;
				GCC_WARN_64_TO_32_BIT_CONVERSION = YES;
				GCC_WARN_ABOUT_RETURN_TYPE = YES_ERROR;
				GCC_WARN_UNDECLARED_SELECTOR = YES;
				GCC_WARN_UNINITIALIZED_AUTOS = YES_AGGRESSIVE;
				GCC_WARN_UNUSED_FUNCTION = YES;
				GCC_WARN_UNUSED_VARIABLE = YES;
				IPHONEOS_DEPLOYMENT_TARGET = 12.2;
				MTL_ENABLE_DEBUG_INFO = NO;
				SDKROOT = iphoneos;
				SWIFT_COMPILATION_MODE = wholemodule;
				SWIFT_OPTIMIZATION_LEVEL = "-O";
				SWIFT_VERSION = 5.0;
				VALIDATE_PRODUCT = YES;
			};
			name = Release;
		};
		C132B9C31EC2DBD800763715 /* Debug */ = {
			isa = XCBuildConfiguration;
			baseConfigurationReference = C0FB753BE77A7038836861D7 /* Pods-FlowCrypt.debug.xcconfig */;
			buildSettings = {
				ASSETCATALOG_COMPILER_APPICON_NAME = AppIcon;
				BUNDLE_LOADER = "";
				CLANG_ENABLE_MODULES = YES;
				"CODE_SIGN_IDENTITY[sdk=iphoneos*]" = "iPhone Developer";
				DEVELOPMENT_TEAM = W57XRJ27NX;
				FRAMEWORK_SEARCH_PATHS = "$(inherited)";
				GCC_SYMBOLS_PRIVATE_EXTERN = NO;
				HEADER_SEARCH_PATHS = (
					"$(inherited)",
					"\"${PODS_CONFIGURATION_BUILD_DIR}/Alamofire/Alamofire.framework/Headers\"",
					"\"${PODS_CONFIGURATION_BUILD_DIR}/GTMSessionFetcher/GTMSessionFetcher.framework/Headers\"",
					"\"${PODS_CONFIGURATION_BUILD_DIR}/GoogleToolboxForMac/GoogleToolboxForMac.framework/Headers\"",
					"\"${PODS_CONFIGURATION_BUILD_DIR}/MBProgressHUD/MBProgressHUD.framework/Headers\"",
					"\"${PODS_CONFIGURATION_BUILD_DIR}/Realm/Realm.framework/Headers\"",
					"\"${PODS_CONFIGURATION_BUILD_DIR}/RealmSwift/RealmSwift.framework/Headers\"",
					"\"${PODS_ROOT}/Headers/Public\"",
					"\"${PODS_ROOT}/Headers/Public/mailcore2-ios\"",
					"\"$(BUILT_PRODUCTS_DIR)/../../include\"/**",
				);
				INFOPLIST_FILE = FlowCrypt/Info.plist;
				LD_RUNPATH_SEARCH_PATHS = (
					"$(inherited)",
					"@executable_path/Frameworks",
				);
				PRODUCT_BUNDLE_IDENTIFIER = com.flowcrypt.ios.debug;
				PRODUCT_NAME = "$(TARGET_NAME)";
				PROVISIONING_PROFILE_SPECIFIER = "";
				STRIP_INSTALLED_PRODUCT = NO;
				SWIFT_OBJC_BRIDGING_HEADER = "FlowCrypt/FlowCrypt-Bridging-Header.h";
				SWIFT_OPTIMIZATION_LEVEL = "-Onone";
				SWIFT_VERSION = 5.0;
				TARGETED_DEVICE_FAMILY = "1,2";
			};
			name = Debug;
		};
		C132B9C41EC2DBD800763715 /* Release */ = {
			isa = XCBuildConfiguration;
			baseConfigurationReference = 02A9A9F6DCFB9B2E407559A8 /* Pods-FlowCrypt.release.xcconfig */;
			buildSettings = {
				ASSETCATALOG_COMPILER_APPICON_NAME = AppIcon;
				CLANG_ENABLE_MODULES = YES;
				"CODE_SIGN_IDENTITY[sdk=iphoneos*]" = "iPhone Developer";
				DEVELOPMENT_TEAM = W57XRJ27NX;
				FRAMEWORK_SEARCH_PATHS = "$(inherited)";
				GCC_SYMBOLS_PRIVATE_EXTERN = NO;
				HEADER_SEARCH_PATHS = (
					"$(inherited)",
					"\"${PODS_CONFIGURATION_BUILD_DIR}/Alamofire/Alamofire.framework/Headers\"",
					"\"${PODS_CONFIGURATION_BUILD_DIR}/GTMSessionFetcher/GTMSessionFetcher.framework/Headers\"",
					"\"${PODS_CONFIGURATION_BUILD_DIR}/GoogleToolboxForMac/GoogleToolboxForMac.framework/Headers\"",
					"\"${PODS_CONFIGURATION_BUILD_DIR}/MBProgressHUD/MBProgressHUD.framework/Headers\"",
					"\"${PODS_CONFIGURATION_BUILD_DIR}/Realm/Realm.framework/Headers\"",
					"\"${PODS_CONFIGURATION_BUILD_DIR}/RealmSwift/RealmSwift.framework/Headers\"",
					"\"${PODS_ROOT}/Headers/Public\"",
					"\"${PODS_ROOT}/Headers/Public/mailcore2-ios\"",
					"\"$(BUILT_PRODUCTS_DIR)/../../include\"/**",
				);
				INFOPLIST_FILE = FlowCrypt/Info.plist;
				LD_RUNPATH_SEARCH_PATHS = (
					"$(inherited)",
					"@executable_path/Frameworks",
				);
				PRODUCT_BUNDLE_IDENTIFIER = com.flowcrypt.ios.debug;
				PRODUCT_NAME = "$(TARGET_NAME)";
				PROVISIONING_PROFILE_SPECIFIER = "";
				SWIFT_OBJC_BRIDGING_HEADER = "FlowCrypt/FlowCrypt-Bridging-Header.h";
				SWIFT_VERSION = 5.0;
				TARGETED_DEVICE_FAMILY = "1,2";
			};
			name = Release;
		};
/* End XCBuildConfiguration section */

/* Begin XCConfigurationList section */
		A3DAD60222E4574B00F2C4CD /* Build configuration list for PBXNativeTarget "FlowCryptTests" */ = {
			isa = XCConfigurationList;
			buildConfigurations = (
				A3DAD60322E4574B00F2C4CD /* Debug */,
				A3DAD60422E4574B00F2C4CD /* Release */,
			);
			defaultConfigurationIsVisible = 0;
			defaultConfigurationName = Release;
		};
		C132B9AB1EC2DBD800763715 /* Build configuration list for PBXProject "FlowCrypt" */ = {
			isa = XCConfigurationList;
			buildConfigurations = (
				C132B9C01EC2DBD800763715 /* Debug */,
				C132B9C11EC2DBD800763715 /* Release */,
			);
			defaultConfigurationIsVisible = 0;
			defaultConfigurationName = Release;
		};
		C132B9C21EC2DBD800763715 /* Build configuration list for PBXNativeTarget "FlowCrypt" */ = {
			isa = XCConfigurationList;
			buildConfigurations = (
				C132B9C31EC2DBD800763715 /* Debug */,
				C132B9C41EC2DBD800763715 /* Release */,
			);
			defaultConfigurationIsVisible = 0;
			defaultConfigurationName = Release;
		};
/* End XCConfigurationList section */
	};
	rootObject = C132B9A81EC2DBD800763715 /* Project object */;
}
