{
  "object": {
    "pins": [
      {
        "package": "AppAuth",
        "repositoryURL": "https://github.com/openid/AppAuth-iOS.git",
        "state": {
          "branch": null,
          "revision": "01131d68346c8ae552961c768d583c715fbe1410",
          "version": "1.4.0"
        }
      },
      {
        "package": "BigInt",
        "repositoryURL": "https://github.com/attaswift/BigInt",
        "state": {
          "branch": null,
          "revision": "0ed110f7555c34ff468e72e1686e59721f2b0da6",
          "version": "5.3.0"
        }
      },
      {
        "package": "GoogleAPIClientForREST",
        "repositoryURL": "https://github.com/google/google-api-objectivec-client-for-rest",
        "state": {
          "branch": null,
          "revision": "22e0bb02729d60db396e8b90d8189313cd86ba53",
          "version": "1.6.0"
        }
      },
      {
        "package": "GoogleSignIn",
        "repositoryURL": "https://github.com/google/GoogleSignIn-iOS",
        "state": {
          "branch": null,
          "revision": "27bc94f5e1bd1f3b12ba5abb2230dd77dd143f1e",
          "version": "6.0.2"
        }
      },
      {
        "package": "GTMSessionFetcher",
        "repositoryURL": "https://github.com/google/gtm-session-fetcher.git",
        "state": {
          "branch": null,
          "revision": "bc6a19702ac76ac4e488b68148710eb815f9bc56",
          "version": "1.7.0"
        }
      },
      {
        "package": "GTMAppAuth",
        "repositoryURL": "https://github.com/google/GTMAppAuth.git",
        "state": {
          "branch": null,
          "revision": "40f4103fb52109032c05599a0c39ad43edbdf80a",
          "version": "1.2.2"
        }
      },
      {
        "package": "IDZSwiftCommonCrypto",
        "repositoryURL": "https://github.com/iosdevzone/IDZSwiftCommonCrypto",
        "state": {
          "branch": null,
          "revision": "d824371e670bd57eb456bbc41139b4997f7207b8",
          "version": "0.13.1"
        }
      },
      {
        "package": "MailCore",
        "repositoryURL": "https://github.com/FlowCrypt/mailcore2",
        "state": {
          "branch": null,
          "revision": "512e3074f7b80a4425be806e3ce968f1e84b995f",
          "version": "0.7.5"
        }
      },
      {
        "package": "MBProgressHUD",
        "repositoryURL": "https://github.com/jdg/MBProgressHUD",
        "state": {
          "branch": null,
          "revision": "bca42b801100b2b3a4eda0ba8dd33d858c780b0d",
          "version": "1.2.0"
        }
      },
      {
        "package": "Realm",
        "repositoryURL": "https://github.com/realm/realm-cocoa",
        "state": {
          "branch": null,
          "revision": "bdbbd57f411a0f4e72b359113dbc6d23fdf96680",
          "version": "10.20.0"
        }
      },
      {
        "package": "RealmDatabase",
        "repositoryURL": "https://github.com/realm/realm-core",
        "state": {
          "branch": null,
          "revision": "c3c11a841642ac93c27bd1edd61f989fc0bfb809",
          "version": "11.6.1"
        }
      },
      {
        "package": "Toast",
        "repositoryURL": "https://github.com/scalessec/Toast-Swift",
        "state": {
          "branch": null,
          "revision": "0c9493eeacb102cc614da385cfaaf475379f4ab4",
          "version": "5.0.1"
        }
      }
    ]
  },
  "version": 1
}
