<?xml version="1.0" encoding="UTF-8"?>
<Scheme
   version = "1.3">
   <BuildAction>
      <BuildActionEntries>
         <BuildActionEntry
            buildForTesting = "YES">
            <BuildableReference
               BuildableIdentifier = "primary"
               BlueprintIdentifier = "A3DAD5FA22E4574A00F2C4CD"
               BuildableName = "FlowCryptTests.xctest"
               BlueprintName = "FlowCryptTests"
               ReferencedContainer = "container:FlowCrypt.xcodeproj">
            </BuildableReference>
         </BuildActionEntry>
      </BuildActionEntries>
   </BuildAction>
   <TestAction
      buildConfiguration = "Debug">
      <Testables>
         <TestableReference>
            <BuildableReference
               BuildableIdentifier = "primary"
               BlueprintIdentifier = "A3DAD5FA22E4574A00F2C4CD"
               BuildableName = "FlowCryptTests.xctest"
               BlueprintName = "FlowCryptTests"
               ReferencedContainer = "container:FlowCrypt.xcodeproj">
            </BuildableReference>
         </TestableReference>
      </Testables>
   </TestAction>
   <LaunchAction
      useCustomWorkingDirectory = "NO"
      allowLocationSimulation = "YES">
   </LaunchAction>
</Scheme>
