{
  "pins" : [
    {
      "identity" : "appauth-ios",
      "kind" : "remoteSourceControl",
      "location" : "https://github.com/openid/AppAuth-iOS.git",
      "state" : {
        "revision" : "71cde449f13d453227e687458144bde372d30fc7",
        "version" : "1.6.2"
      }
    },
    {
      "identity" : "collectionconcurrencykit",
      "kind" : "remoteSourceControl",
      "location" : "https://github.com/JohnSundell/CollectionConcurrencyKit.git",
      "state" : {
        "revision" : "b4f23e24b5a1bff301efc5e70871083ca029ff95",
        "version" : "0.2.0"
      }
    },
    {
      "identity" : "cryptoswift",
      "kind" : "remoteSourceControl",
      "location" : "https://github.com/krzyzanowskim/CryptoSwift.git",
      "state" : {
        "revision" : "7892a123f7e8d0fe62f9f03728b17bbd4f94df5c",
        "version" : "1.8.1"
      }
    },
    {
      "identity" : "google-api-objectivec-client-for-rest",
      "kind" : "remoteSourceControl",
      "location" : "https://github.com/google/google-api-objectivec-client-for-rest",
      "state" : {
        "revision" : "bcb0439b37d16d39da6f62139d4009d09e7aef14",
        "version" : "3.4.0"
      }
    },
    {
      "identity" : "googlesignin-ios",
      "kind" : "remoteSourceControl",
      "location" : "https://github.com/google/GoogleSignIn-iOS",
      "state" : {
        "revision" : "7932d33686c1dc4d7df7a919aae47361d1cdfda4",
        "version" : "7.0.0"
      }
    },
    {
      "identity" : "gtm-session-fetcher",
      "kind" : "remoteSourceControl",
      "location" : "https://github.com/google/gtm-session-fetcher.git",
      "state" : {
        "revision" : "115f75e43851774934d695449a4836123c3246e1",
        "version" : "3.2.0"
      }
    },
    {
      "identity" : "gtmappauth",
      "kind" : "remoteSourceControl",
      "location" : "https://github.com/google/GTMAppAuth.git",
      "state" : {
        "revision" : "cee3c709307912d040bd1e06ca919875a92339c6",
        "version" : "2.0.0"
      }
    },
    {
      "identity" : "letteravatarkit",
      "kind" : "remoteSourceControl",
      "location" : "https://github.com/vpeschenkov/LetterAvatarKit",
      "state" : {
        "revision" : "fe5af34383384668dcd28525bd62934eab229d4a",
        "version" : "1.2.5"
      }
    },
    {
      "identity" : "mailcore2",
      "kind" : "remoteSourceControl",
      "location" : "https://github.com/FlowCrypt/mailcore2",
      "state" : {
        "revision" : "512e3074f7b80a4425be806e3ce968f1e84b995f",
        "version" : "0.7.5"
      }
    },
    {
      "identity" : "progresshud",
      "kind" : "remoteSourceControl",
      "location" : "https://github.com/relatedcode/ProgressHUD.git",
      "state" : {
        "revision" : "fd18c75d5f650a949e1da5fc725a1c1b523bbf8e",
        "version" : "14.1.1"
      }
    },
    {
      "identity" : "realm-cocoa",
      "kind" : "remoteSourceControl",
      "location" : "https://github.com/realm/realm-cocoa",
      "state" : {
        "revision" : "eafdd3720a8cc750bdd38bf776082d2c8cf743fc",
        "version" : "10.46.0"
      }
    },
    {
      "identity" : "realm-core",
      "kind" : "remoteSourceControl",
      "location" : "https://github.com/realm/realm-core.git",
      "state" : {
        "revision" : "a5e87a39cffdcc591f3203c11cfca68100d0b9a6",
        "version" : "13.26.0"
      }
    },
    {
      "identity" : "sourcekitten",
      "kind" : "remoteSourceControl",
      "location" : "https://github.com/jpsim/SourceKitten.git",
      "state" : {
        "revision" : "b6dc09ee51dfb0c66e042d2328c017483a1a5d56",
        "version" : "0.34.1"
      }
    },
    {
      "identity" : "swift-argument-parser",
      "kind" : "remoteSourceControl",
      "location" : "https://github.com/apple/swift-argument-parser.git",
      "state" : {
        "revision" : "8f4d2753f0e4778c76d5f05ad16c74f707390531",
        "version" : "1.2.3"
      }
    },
    {
      "identity" : "swift-syntax",
      "kind" : "remoteSourceControl",
      "location" : "https://github.com/apple/swift-syntax.git",
      "state" : {
        "revision" : "6ad4ea24b01559dde0773e3d091f1b9e36175036",
        "version" : "509.0.2"
      }
    },
    {
      "identity" : "swiftlint",
      "kind" : "remoteSourceControl",
      "location" : "https://github.com/realm/SwiftLint",
      "state" : {
        "revision" : "f17a4f9dfb6a6afb0408426354e4180daaf49cee",
        "version" : "0.54.0"
      }
    },
    {
      "identity" : "swiftsoup",
      "kind" : "remoteSourceControl",
      "location" : "https://github.com/scinfu/SwiftSoup.git",
      "state" : {
        "revision" : "f83c097597094a04124eb6e0d1e894d24129af87",
        "version" : "2.7.0"
      }
    },
    {
      "identity" : "swiftytexttable",
      "kind" : "remoteSourceControl",
      "location" : "https://github.com/scottrhoyt/SwiftyTextTable.git",
      "state" : {
        "revision" : "c6df6cf533d120716bff38f8ff9885e1ce2a4ac3",
        "version" : "0.9.0"
      }
    },
    {
      "identity" : "swxmlhash",
      "kind" : "remoteSourceControl",
      "location" : "https://github.com/drmohundro/SWXMLHash.git",
      "state" : {
        "revision" : "a853604c9e9a83ad9954c7e3d2a565273982471f",
        "version" : "7.0.2"
      }
    },
    {
      "identity" : "texture",
      "kind" : "remoteSourceControl",
      "location" : "https://github.com/FlowCrypt/Texture/",
      "state" : {
        "revision" : "d72805b1af9eb089db5f2bf62bbec4534fdbc8da",
        "version" : "3.1.0"
      }
    },
    {
      "identity" : "toast-swift",
      "kind" : "remoteSourceControl",
      "location" : "https://github.com/scalessec/Toast-Swift",
      "state" : {
        "revision" : "404ac98e0080a3d9f0630e007838284e04528bcd",
        "version" : "5.1.0"
      }
    },
    {
      "identity" : "yams",
      "kind" : "remoteSourceControl",
      "location" : "https://github.com/jpsim/Yams.git",
      "state" : {
        "revision" : "0d9ee7ea8c4ebd4a489ad7a73d5c6cad55d6fed3",
        "version" : "5.0.6"
      }
    }
  ],
  "version" : 2
}
